// !$*UTF8*$!
{
	archiveVersion = 1;
	classes = {
	};
	objectVersion = 56;
	objects = {

/* Begin PBXBuildFile section */
		371E7DFB296CDA5800AA3010 /* project_challenge_4App.swift in Sources */ = {isa = PBXBuildFile; fileRef = 371E7DFA296CDA5800AA3010 /* project_challenge_4App.swift */; };
		371E7DFD296CDA5800AA3010 /* ContentView.swift in Sources */ = {isa = PBXBuildFile; fileRef = 371E7DFC296CDA5800AA3010 /* ContentView.swift */; };
		371E7DFF296CDA5900AA3010 /* Assets.xcassets in Resources */ = {isa = PBXBuildFile; fileRef = 371E7DFE296CDA5900AA3010 /* Assets.xcassets */; };
		371E7E02296CDA5900AA3010 /* Preview Assets.xcassets in Resources */ = {isa = PBXBuildFile; fileRef = 371E7E01296CDA5900AA3010 /* Preview Assets.xcassets */; };
		371E7E04296CDA5900AA3010 /* Persistence.swift in Sources */ = {isa = PBXBuildFile; fileRef = 371E7E03296CDA5900AA3010 /* Persistence.swift */; };
		371E7E07296CDA5900AA3010 /* project_challenge_4.xcdatamodeld in Sources */ = {isa = PBXBuildFile; fileRef = 371E7E05296CDA5900AA3010 /* project_challenge_4.xcdatamodeld */; };
		371E7E12296CDA5900AA3010 /* project_challenge_4Tests.swift in Sources */ = {isa = PBXBuildFile; fileRef = 371E7E11296CDA5900AA3010 /* project_challenge_4Tests.swift */; };
		371E7E1C296CDA5900AA3010 /* project_challenge_4UITests.swift in Sources */ = {isa = PBXBuildFile; fileRef = 371E7E1B296CDA5900AA3010 /* project_challenge_4UITests.swift */; };
		371E7E1E296CDA5900AA3010 /* project_challenge_4UITestsLaunchTests.swift in Sources */ = {isa = PBXBuildFile; fileRef = 371E7E1D296CDA5900AA3010 /* project_challenge_4UITestsLaunchTests.swift */; };
/* End PBXBuildFile section */

/* Begin PBXContainerItemProxy section */
		371E7E0E296CDA5900AA3010 /* PBXContainerItemProxy */ = {
			isa = PBXContainerItemProxy;
			containerPortal = 371E7DEF296CDA5800AA3010 /* Project object */;
			proxyType = 1;
			remoteGlobalIDString = 371E7DF6296CDA5800AA3010;
			remoteInfo = "project challenge 4";
		};
		371E7E18296CDA5900AA3010 /* PBXContainerItemProxy */ = {
			isa = PBXContainerItemProxy;
			containerPortal = 371E7DEF296CDA5800AA3010 /* Project object */;
			proxyType = 1;
			remoteGlobalIDString = 371E7DF6296CDA5800AA3010;
			remoteInfo = "project challenge 4";
		};
/* End PBXContainerItemProxy section */

/* Begin PBXFileReference section */
		371E7DF7296CDA5800AA3010 /* project challenge 4.app */ = {isa = PBXFileReference; explicitFileType = wrapper.application; includeInIndex = 0; path = "project challenge 4.app"; sourceTree = BUILT_PRODUCTS_DIR; };
		371E7DFA296CDA5800AA3010 /* project_challenge_4App.swift */ = {isa = PBXFileReference; lastKnownFileType = sourcecode.swift; path = project_challenge_4App.swift; sourceTree = "<group>"; };
		371E7DFC296CDA5800AA3010 /* ContentView.swift */ = {isa = PBXFileReference; lastKnownFileType = sourcecode.swift; path = ContentView.swift; sourceTree = "<group>"; };
		371E7DFE296CDA5900AA3010 /* Assets.xcassets */ = {isa = PBXFileReference; lastKnownFileType = folder.assetcatalog; path = Assets.xcassets; sourceTree = "<group>"; };
		371E7E01296CDA5900AA3010 /* Preview Assets.xcassets */ = {isa = PBXFileReference; lastKnownFileType = folder.assetcatalog; path = "Preview Assets.xcassets"; sourceTree = "<group>"; };
		371E7E03296CDA5900AA3010 /* Persistence.swift */ = {isa = PBXFileReference; lastKnownFileType = sourcecode.swift; path = Persistence.swift; sourceTree = "<group>"; };
		371E7E06296CDA5900AA3010 /* project_challenge_4.xcdatamodel */ = {isa = PBXFileReference; lastKnownFileType = wrapper.xcdatamodel; path = project_challenge_4.xcdatamodel; sourceTree = "<group>"; };
		371E7E08296CDA5900AA3010 /* Info.plist */ = {isa = PBXFileReference; lastKnownFileType = text.plist.xml; path = Info.plist; sourceTree = "<group>"; };
		371E7E0D296CDA5900AA3010 /* project challenge 4Tests.xctest */ = {isa = PBXFileReference; explicitFileType = wrapper.cfbundle; includeInIndex = 0; path = "project challenge 4Tests.xctest"; sourceTree = BUILT_PRODUCTS_DIR; };
		371E7E11296CDA5900AA3010 /* project_challenge_4Tests.swift */ = {isa = PBXFileReference; lastKnownFileType = sourcecode.swift; path = project_challenge_4Tests.swift; sourceTree = "<group>"; };
		371E7E17296CDA5900AA3010 /* project challenge 4UITests.xctest */ = {isa = PBXFileReference; explicitFileType = wrapper.cfbundle; includeInIndex = 0; path = "project challenge 4UITests.xctest"; sourceTree = BUILT_PRODUCTS_DIR; };
		371E7E1B296CDA5900AA3010 /* project_challenge_4UITests.swift */ = {isa = PBXFileReference; lastKnownFileType = sourcecode.swift; path = project_challenge_4UITests.swift; sourceTree = "<group>"; };
		371E7E1D296CDA5900AA3010 /* project_challenge_4UITestsLaunchTests.swift */ = {isa = PBXFileReference; lastKnownFileType = sourcecode.swift; path = project_challenge_4UITestsLaunchTests.swift; sourceTree = "<group>"; };
/* End PBXFileReference section */

/* Begin PBXFrameworksBuildPhase section */
		371E7DF4296CDA5800AA3010 /* Frameworks */ = {
			isa = PBXFrameworksBuildPhase;
			buildActionMask = 2147483647;
			files = (
			);
			runOnlyForDeploymentPostprocessing = 0;
		};
		371E7E0A296CDA5900AA3010 /* Frameworks */ = {
			isa = PBXFrameworksBuildPhase;
			buildActionMask = 2147483647;
			files = (
			);
			runOnlyForDeploymentPostprocessing = 0;
		};
		371E7E14296CDA5900AA3010 /* Frameworks */ = {
			isa = PBXFrameworksBuildPhase;
			buildActionMask = 2147483647;
			files = (
			);
			runOnlyForDeploymentPostprocessing = 0;
		};
/* End PBXFrameworksBuildPhase section */

/* Begin PBXGroup section */
		371E7DEE296CDA5800AA3010 = {
			isa = PBXGroup;
			children = (
				371E7DF9296CDA5800AA3010 /* project challenge 4 */,
				371E7E10296CDA5900AA3010 /* project challenge 4Tests */,
				371E7E1A296CDA5900AA3010 /* project challenge 4UITests */,
				371E7DF8296CDA5800AA3010 /* Products */,
			);
			sourceTree = "<group>";
		};
		371E7DF8296CDA5800AA3010 /* Products */ = {
			isa = PBXGroup;
			children = (
				371E7DF7296CDA5800AA3010 /* project challenge 4.app */,
				371E7E0D296CDA5900AA3010 /* project challenge 4Tests.xctest */,
				371E7E17296CDA5900AA3010 /* project challenge 4UITests.xctest */,
			);
			name = Products;
			sourceTree = "<group>";
		};
		371E7DF9296CDA5800AA3010 /* project challenge 4 */ = {
			isa = PBXGroup;
			children = (
				371E7DFA296CDA5800AA3010 /* project_challenge_4App.swift */,
				371E7DFC296CDA5800AA3010 /* ContentView.swift */,
				371E7DFE296CDA5900AA3010 /* Assets.xcassets */,
				371E7E03296CDA5900AA3010 /* Persistence.swift */,
				371E7E08296CDA5900AA3010 /* Info.plist */,
				371E7E05296CDA5900AA3010 /* project_challenge_4.xcdatamodeld */,
				371E7E00296CDA5900AA3010 /* Preview Content */,
			);
			path = "project challenge 4";
			sourceTree = "<group>";
		};
		371E7E00296CDA5900AA3010 /* Preview Content */ = {
			isa = PBXGroup;
			children = (
				371E7E01296CDA5900AA3010 /* Preview Assets.xcassets */,
			);
			path = "Preview Content";
			sourceTree = "<group>";
		};
		371E7E10296CDA5900AA3010 /* project challenge 4Tests */ = {
			isa = PBXGroup;
			children = (
				371E7E11296CDA5900AA3010 /* project_challenge_4Tests.swift */,
			);
			path = "project challenge 4Tests";
			sourceTree = "<group>";
		};
		371E7E1A296CDA5900AA3010 /* project challenge 4UITests */ = {
			isa = PBXGroup;
			children = (
				371E7E1B296CDA5900AA3010 /* project_challenge_4UITests.swift */,
				371E7E1D296CDA5900AA3010 /* project_challenge_4UITestsLaunchTests.swift */,
			);
			path = "project challenge 4UITests";
			sourceTree = "<group>";
		};
/* End PBXGroup section */

/* Begin PBXNativeTarget section */
		371E7DF6296CDA5800AA3010 /* project challenge 4 */ = {
			isa = PBXNativeTarget;
			buildConfigurationList = 371E7E21296CDA5900AA3010 /* Build configuration list for PBXNativeTarget "project challenge 4" */;
			buildPhases = (
				371E7DF3296CDA5800AA3010 /* Sources */,
				371E7DF4296CDA5800AA3010 /* Frameworks */,
				371E7DF5296CDA5800AA3010 /* Resources */,
			);
			buildRules = (
			);
			dependencies = (
			);
			name = "project challenge 4";
			productName = "project challenge 4";
			productReference = 371E7DF7296CDA5800AA3010 /* project challenge 4.app */;
			productType = "com.apple.product-type.application";
		};
		371E7E0C296CDA5900AA3010 /* project challenge 4Tests */ = {
			isa = PBXNativeTarget;
			buildConfigurationList = 371E7E24296CDA5900AA3010 /* Build configuration list for PBXNativeTarget "project challenge 4Tests" */;
			buildPhases = (
				371E7E09296CDA5900AA3010 /* Sources */,
				371E7E0A296CDA5900AA3010 /* Frameworks */,
				371E7E0B296CDA5900AA3010 /* Resources */,
			);
			buildRules = (
			);
			dependencies = (
				371E7E0F296CDA5900AA3010 /* PBXTargetDependency */,
			);
			name = "project challenge 4Tests";
			productName = "project challenge 4Tests";
			productReference = 371E7E0D296CDA5900AA3010 /* project challenge 4Tests.xctest */;
			productType = "com.apple.product-type.bundle.unit-test";
		};
		371E7E16296CDA5900AA3010 /* project challenge 4UITests */ = {
			isa = PBXNativeTarget;
			buildConfigurationList = 371E7E27296CDA5900AA3010 /* Build configuration list for PBXNativeTarget "project challenge 4UITests" */;
			buildPhases = (
				371E7E13296CDA5900AA3010 /* Sources */,
				371E7E14296CDA5900AA3010 /* Frameworks */,
				371E7E15296CDA5900AA3010 /* Resources */,
			);
			buildRules = (
			);
			dependencies = (
				371E7E19296CDA5900AA3010 /* PBXTargetDependency */,
			);
			name = "project challenge 4UITests";
			productName = "project challenge 4UITests";
			productReference = 371E7E17296CDA5900AA3010 /* project challenge 4UITests.xctest */;
			productType = "com.apple.product-type.bundle.ui-testing";
		};
/* End PBXNativeTarget section */

/* Begin PBXProject section */
		371E7DEF296CDA5800AA3010 /* Project object */ = {
			isa = PBXProject;
			attributes = {
				BuildIndependentTargetsInParallel = 1;
				LastSwiftUpdateCheck = 1420;
				LastUpgradeCheck = 1420;
				TargetAttributes = {
					371E7DF6296CDA5800AA3010 = {
						CreatedOnToolsVersion = 14.2;
					};
					371E7E0C296CDA5900AA3010 = {
						CreatedOnToolsVersion = 14.2;
						TestTargetID = 371E7DF6296CDA5800AA3010;
					};
					371E7E16296CDA5900AA3010 = {
						CreatedOnToolsVersion = 14.2;
						TestTargetID = 371E7DF6296CDA5800AA3010;
					};
				};
			};
			buildConfigurationList = 371E7DF2296CDA5800AA3010 /* Build configuration list for PBXProject "project challenge 4" */;
			compatibilityVersion = "Xcode 14.0";
			developmentRegion = en;
			hasScannedForEncodings = 0;
			knownRegions = (
				en,
				Base,
			);
			mainGroup = 371E7DEE296CDA5800AA3010;
			productRefGroup = 371E7DF8296CDA5800AA3010 /* Products */;
			projectDirPath = "";
			projectRoot = "";
			targets = (
				371E7DF6296CDA5800AA3010 /* project challenge 4 */,
				371E7E0C296CDA5900AA3010 /* project challenge 4Tests */,
				371E7E16296CDA5900AA3010 /* project challenge 4UITests */,
			);
		};
/* End PBXProject section */

/* Begin PBXResourcesBuildPhase section */
		371E7DF5296CDA5800AA3010 /* Resources */ = {
			isa = PBXResourcesBuildPhase;
			buildActionMask = 2147483647;
			files = (
				371E7E02296CDA5900AA3010 /* Preview Assets.xcassets in Resources */,
				371E7DFF296CDA5900AA3010 /* Assets.xcassets in Resources */,
			);
			runOnlyForDeploymentPostprocessing = 0;
		};
		371E7E0B296CDA5900AA3010 /* Resources */ = {
			isa = PBXResourcesBuildPhase;
			buildActionMask = 2147483647;
			files = (
			);
			runOnlyForDeploymentPostprocessing = 0;
		};
		371E7E15296CDA5900AA3010 /* Resources */ = {
			isa = PBXResourcesBuildPhase;
			buildActionMask = 2147483647;
			files = (
			);
			runOnlyForDeploymentPostprocessing = 0;
		};
/* End PBXResourcesBuildPhase section */

/* Begin PBXSourcesBuildPhase section */
		371E7DF3296CDA5800AA3010 /* Sources */ = {
			isa = PBXSourcesBuildPhase;
			buildActionMask = 2147483647;
			files = (
				371E7E07296CDA5900AA3010 /* project_challenge_4.xcdatamodeld in Sources */,
				371E7E04296CDA5900AA3010 /* Persistence.swift in Sources */,
				371E7DFD296CDA5800AA3010 /* ContentView.swift in Sources */,
				371E7DFB296CDA5800AA3010 /* project_challenge_4App.swift in Sources */,
			);
			runOnlyForDeploymentPostprocessing = 0;
		};
		371E7E09296CDA5900AA3010 /* Sources */ = {
			isa = PBXSourcesBuildPhase;
			buildActionMask = 2147483647;
			files = (
				371E7E12296CDA5900AA3010 /* project_challenge_4Tests.swift in Sources */,
			);
			runOnlyForDeploymentPostprocessing = 0;
		};
		371E7E13296CDA5900AA3010 /* Sources */ = {
			isa = PBXSourcesBuildPhase;
			buildActionMask = 2147483647;
			files = (
				371E7E1C296CDA5900AA3010 /* project_challenge_4UITests.swift in Sources */,
				371E7E1E296CDA5900AA3010 /* project_challenge_4UITestsLaunchTests.swift in Sources */,
			);
			runOnlyForDeploymentPostprocessing = 0;
		};
/* End PBXSourcesBuildPhase section */

/* Begin PBXTargetDependency section */
		371E7E0F296CDA5900AA3010 /* PBXTargetDependency */ = {
			isa = PBXTargetDependency;
			target = 371E7DF6296CDA5800AA3010 /* project challenge 4 */;
			targetProxy = 371E7E0E296CDA5900AA3010 /* PBXContainerItemProxy */;
		};
		371E7E19296CDA5900AA3010 /* PBXTargetDependency */ = {
			isa = PBXTargetDependency;
			target = 371E7DF6296CDA5800AA3010 /* project challenge 4 */;
			targetProxy = 371E7E18296CDA5900AA3010 /* PBXContainerItemProxy */;
		};
/* End PBXTargetDependency section */

/* Begin XCBuildConfiguration section */
		371E7E1F296CDA5900AA3010 /* Debug */ = {
			isa = XCBuildConfiguration;
			buildSettings = {
				ALWAYS_SEARCH_USER_PATHS = NO;
				CLANG_ANALYZER_NONNULL = YES;
				CLANG_ANALYZER_NUMBER_OBJECT_CONVERSION = YES_AGGRESSIVE;
				CLANG_CXX_LANGUAGE_STANDARD = "gnu++20";
				CLANG_ENABLE_MODULES = YES;
				CLANG_ENABLE_OBJC_ARC = YES;
				CLANG_ENABLE_OBJC_WEAK = YES;
				CLANG_WARN_BLOCK_CAPTURE_AUTORELEASING = YES;
				CLANG_WARN_BOOL_CONVERSION = YES;
				CLANG_WARN_COMMA = YES;
				CLANG_WARN_CONSTANT_CONVERSION = YES;
				CLANG_WARN_DEPRECATED_OBJC_IMPLEMENTATIONS = YES;
				CLANG_WARN_DIRECT_OBJC_ISA_USAGE = YES_ERROR;
				CLANG_WARN_DOCUMENTATION_COMMENTS = YES;
				CLANG_WARN_EMPTY_BODY = YES;
				CLANG_WARN_ENUM_CONVERSION = YES;
				CLANG_WARN_INFINITE_RECURSION = YES;
				CLANG_WARN_INT_CONVERSION = YES;
				CLANG_WARN_NON_LITERAL_NULL_CONVERSION = YES;
				CLANG_WARN_OBJC_IMPLICIT_RETAIN_SELF = YES;
				CLANG_WARN_OBJC_LITERAL_CONVERSION = YES;
				CLANG_WARN_OBJC_ROOT_CLASS = YES_ERROR;
				CLANG_WARN_QUOTED_INCLUDE_IN_FRAMEWORK_HEADER = YES;
				CLANG_WARN_RANGE_LOOP_ANALYSIS = YES;
				CLANG_WARN_STRICT_PROTOTYPES = YES;
				CLANG_WARN_SUSPICIOUS_MOVE = YES;
				CLANG_WARN_UNGUARDED_AVAILABILITY = YES_AGGRESSIVE;
				CLANG_WARN_UNREACHABLE_CODE = YES;
				CLANG_WARN__DUPLICATE_METHOD_MATCH = YES;
				COPY_PHASE_STRIP = NO;
				DEBUG_INFORMATION_FORMAT = dwarf;
				ENABLE_STRICT_OBJC_MSGSEND = YES;
				ENABLE_TESTABILITY = YES;
				GCC_C_LANGUAGE_STANDARD = gnu11;
				GCC_DYNAMIC_NO_PIC = NO;
				GCC_NO_COMMON_BLOCKS = YES;
				GCC_OPTIMIZATION_LEVEL = 0;
				GCC_PREPROCESSOR_DEFINITIONS = (
					"DEBUG=1",
					"$(inherited)",
				);
				GCC_WARN_64_TO_32_BIT_CONVERSION = YES;
				GCC_WARN_ABOUT_RETURN_TYPE = YES_ERROR;
				GCC_WARN_UNDECLARED_SELECTOR = YES;
				GCC_WARN_UNINITIALIZED_AUTOS = YES_AGGRESSIVE;
				GCC_WARN_UNUSED_FUNCTION = YES;
				GCC_WARN_UNUSED_VARIABLE = YES;
				IPHONEOS_DEPLOYMENT_TARGET = 16.2;
				MTL_ENABLE_DEBUG_INFO = INCLUDE_SOURCE;
				MTL_FAST_MATH = YES;
				ONLY_ACTIVE_ARCH = YES;
				SDKROOT = iphoneos;
				SWIFT_ACTIVE_COMPILATION_CONDITIONS = DEBUG;
				SWIFT_OPTIMIZATION_LEVEL = "-Onone";
			};
			name = Debug;
		};
		371E7E20296CDA5900AA3010 /* Release */ = {
			isa = XCBuildConfiguration;
			buildSettings = {
				ALWAYS_SEARCH_USER_PATHS = NO;
				CLANG_ANALYZER_NONNULL = YES;
				CLANG_ANALYZER_NUMBER_OBJECT_CONVERSION = YES_AGGRESSIVE;
				CLANG_CXX_LANGUAGE_STANDARD = "gnu++20";
				CLANG_ENABLE_MODULES = YES;
				CLANG_ENABLE_OBJC_ARC = YES;
				CLANG_ENABLE_OBJC_WEAK = YES;
				CLANG_WARN_BLOCK_CAPTURE_AUTORELEASING = YES;
				CLANG_WARN_BOOL_CONVERSION = YES;
				CLANG_WARN_COMMA = YES;
				CLANG_WARN_CONSTANT_CONVERSION = YES;
				CLANG_WARN_DEPRECATED_OBJC_IMPLEMENTATIONS = YES;
				CLANG_WARN_DIRECT_OBJC_ISA_USAGE = YES_ERROR;
				CLANG_WARN_DOCUMENTATION_COMMENTS = YES;
				CLANG_WARN_EMPTY_BODY = YES;
				CLANG_WARN_ENUM_CONVERSION = YES;
				CLANG_WARN_INFINITE_RECURSION = YES;
				CLANG_WARN_INT_CONVERSION = YES;
				CLANG_WARN_NON_LITERAL_NULL_CONVERSION = YES;
				CLANG_WARN_OBJC_IMPLICIT_RETAIN_SELF = YES;
				CLANG_WARN_OBJC_LITERAL_CONVERSION = YES;
				CLANG_WARN_OBJC_ROOT_CLASS = YES_ERROR;
				CLANG_WARN_QUOTED_INCLUDE_IN_FRAMEWORK_HEADER = YES;
				CLANG_WARN_RANGE_LOOP_ANALYSIS = YES;
				CLANG_WARN_STRICT_PROTOTYPES = YES;
				CLANG_WARN_SUSPICIOUS_MOVE = YES;
				CLANG_WARN_UNGUARDED_AVAILABILITY = YES_AGGRESSIVE;
				CLANG_WARN_UNREACHABLE_CODE = YES;
				CLANG_WARN__DUPLICATE_METHOD_MATCH = YES;
				COPY_PHASE_STRIP = NO;
				DEBUG_INFORMATION_FORMAT = "dwarf-with-dsym";
				ENABLE_NS_ASSERTIONS = NO;
				ENABLE_STRICT_OBJC_MSGSEND = YES;
				GCC_C_LANGUAGE_STANDARD = gnu11;
				GCC_NO_COMMON_BLOCKS = YES;
				GCC_WARN_64_TO_32_BIT_CONVERSION = YES;
				GCC_WARN_ABOUT_RETURN_TYPE = YES_ERROR;
				GCC_WARN_UNDECLARED_SELECTOR = YES;
				GCC_WARN_UNINITIALIZED_AUTOS = YES_AGGRESSIVE;
				GCC_WARN_UNUSED_FUNCTION = YES;
				GCC_WARN_UNUSED_VARIABLE = YES;
				IPHONEOS_DEPLOYMENT_TARGET = 16.2;
				MTL_ENABLE_DEBUG_INFO = NO;
				MTL_FAST_MATH = YES;
				SDKROOT = iphoneos;
				SWIFT_COMPILATION_MODE = wholemodule;
				SWIFT_OPTIMIZATION_LEVEL = "-O";
				VALIDATE_PRODUCT = YES;
			};
			name = Release;
		};
		371E7E22296CDA5900AA3010 /* Debug */ = {
			isa = XCBuildConfiguration;
			buildSettings = {
				ASSETCATALOG_COMPILER_APPICON_NAME = AppIcon;
				ASSETCATALOG_COMPILER_GLOBAL_ACCENT_COLOR_NAME = AccentColor;
				CODE_SIGN_STYLE = Automatic;
				CURRENT_PROJECT_VERSION = 1;
				DEVELOPMENT_ASSET_PATHS = "\"project challenge 4/Preview Content\"";
				DEVELOPMENT_TEAM = N73XW3H4MX;
				ENABLE_PREVIEWS = YES;
				GENERATE_INFOPLIST_FILE = YES;
				INFOPLIST_KEY_UIApplicationSceneManifest_Generation = YES;
				INFOPLIST_KEY_UIApplicationSupportsIndirectInputEvents = YES;
				INFOPLIST_KEY_UILaunchScreen_Generation = YES;
				INFOPLIST_KEY_UISupportedInterfaceOrientations_iPad = "UIInterfaceOrientationPortrait UIInterfaceOrientationPortraitUpsideDown UIInterfaceOrientationLandscapeLeft UIInterfaceOrientationLandscapeRight";
				INFOPLIST_KEY_UISupportedInterfaceOrientations_iPhone = "UIInterfaceOrientationPortrait UIInterfaceOrientationLandscapeLeft UIInterfaceOrientationLandscapeRight";
				LD_RUNPATH_SEARCH_PATHS = (
					"$(inherited)",
					"@executable_path/Frameworks",
				);
				MARKETING_VERSION = 1.0;
				PRODUCT_BUNDLE_IDENTIFIER = "StudyGroupweek.project-challenge-4";
				PRODUCT_NAME = "$(TARGET_NAME)";
				SWIFT_EMIT_LOC_STRINGS = YES;
				SWIFT_VERSION = 5.0;
				TARGETED_DEVICE_FAMILY = "1,2";
			};
			name = Debug;
		};
		371E7E23296CDA5900AA3010 /* Release */ = {
			isa = XCBuildConfiguration;
			buildSettings = {
				ASSETCATALOG_COMPILER_APPICON_NAME = AppIcon;
				ASSETCATALOG_COMPILER_GLOBAL_ACCENT_COLOR_NAME = AccentColor;
				CODE_SIGN_STYLE = Automatic;
				CURRENT_PROJECT_VERSION = 1;
				DEVELOPMENT_ASSET_PATHS = "\"project challenge 4/Preview Content\"";
				DEVELOPMENT_TEAM = N73XW3H4MX;
				ENABLE_PREVIEWS = YES;
				GENERATE_INFOPLIST_FILE = YES;
				INFOPLIST_KEY_UIApplicationSceneManifest_Generation = YES;
				INFOPLIST_KEY_UIApplicationSupportsIndirectInputEvents = YES;
				INFOPLIST_KEY_UILaunchScreen_Generation = YES;
				INFOPLIST_KEY_UISupportedInterfaceOrientations_iPad = "UIInterfaceOrientationPortrait UIInterfaceOrientationPortraitUpsideDown UIInterfaceOrientationLandscapeLeft UIInterfaceOrientationLandscapeRight";
				INFOPLIST_KEY_UISupportedInterfaceOrientations_iPhone = "UIInterfaceOrientationPortrait UIInterfaceOrientationLandscapeLeft UIInterfaceOrientationLandscapeRight";
				LD_RUNPATH_SEARCH_PATHS = (
					"$(inherited)",
					"@executable_path/Frameworks",
				);
				MARKETING_VERSION = 1.0;
				PRODUCT_BUNDLE_IDENTIFIER = "StudyGroupweek.project-challenge-4";
				PRODUCT_NAME = "$(TARGET_NAME)";
				SWIFT_EMIT_LOC_STRINGS = YES;
				SWIFT_VERSION = 5.0;
				TARGETED_DEVICE_FAMILY = "1,2";
			};
			name = Release;
		};
		371E7E25296CDA5900AA3010 /* Debug */ = {
			isa = XCBuildConfiguration;
			buildSettings = {
				ALWAYS_EMBED_SWIFT_STANDARD_LIBRARIES = YES;
				BUNDLE_LOADER = "$(TEST_HOST)";
				CODE_SIGN_STYLE = Automatic;
				CURRENT_PROJECT_VERSION = 1;
				DEVELOPMENT_TEAM = N73XW3H4MX;
				GENERATE_INFOPLIST_FILE = YES;
				IPHONEOS_DEPLOYMENT_TARGET = 16.2;
				MARKETING_VERSION = 1.0;
				PRODUCT_BUNDLE_IDENTIFIER = "StudyGroupweek.project-challenge-4Tests";
				PRODUCT_NAME = "$(TARGET_NAME)";
				SWIFT_EMIT_LOC_STRINGS = NO;
				SWIFT_VERSION = 5.0;
				TARGETED_DEVICE_FAMILY = "1,2";
				TEST_HOST = "$(BUILT_PRODUCTS_DIR)/project challenge 4.app/$(BUNDLE_EXECUTABLE_FOLDER_PATH)/project challenge 4";
			};
			name = Debug;
		};
		371E7E26296CDA5900AA3010 /* Release */ = {
			isa = XCBuildConfiguration;
			buildSettings = {
				ALWAYS_EMBED_SWIFT_STANDARD_LIBRARIES = YES;
				BUNDLE_LOADER = "$(TEST_HOST)";
				CODE_SIGN_STYLE = Automatic;
				CURRENT_PROJECT_VERSION = 1;
				DEVELOPMENT_TEAM = N73XW3H4MX;
				GENERATE_INFOPLIST_FILE = YES;
				IPHONEOS_DEPLOYMENT_TARGET = 16.2;
				MARKETING_VERSION = 1.0;
				PRODUCT_BUNDLE_IDENTIFIER = "StudyGroupweek.project-challenge-4Tests";
				PRODUCT_NAME = "$(TARGET_NAME)";
				SWIFT_EMIT_LOC_STRINGS = NO;
				SWIFT_VERSION = 5.0;
				TARGETED_DEVICE_FAMILY = "1,2";
				TEST_HOST = "$(BUILT_PRODUCTS_DIR)/project challenge 4.app/$(BUNDLE_EXECUTABLE_FOLDER_PATH)/project challenge 4";
			};
			name = Release;
		};
		371E7E28296CDA5900AA3010 /* Debug */ = {
			isa = XCBuildConfiguration;
			buildSettings = {
				ALWAYS_EMBED_SWIFT_STANDARD_LIBRARIES = YES;
				CODE_SIGN_STYLE = Automatic;
				CURRENT_PROJECT_VERSION = 1;
				DEVELOPMENT_TEAM = N73XW3H4MX;
				GENERATE_INFOPLIST_FILE = YES;
				MARKETING_VERSION = 1.0;
				PRODUCT_BUNDLE_IDENTIFIER = "StudyGroupweek.project-challenge-4UITests";
				PRODUCT_NAME = "$(TARGET_NAME)";
				SWIFT_EMIT_LOC_STRINGS = NO;
				SWIFT_VERSION = 5.0;
				TARGETED_DEVICE_FAMILY = "1,2";
				TEST_TARGET_NAME = "project challenge 4";
			};
			name = Debug;
		};
		371E7E29296CDA5900AA3010 /* Release */ = {
			isa = XCBuildConfiguration;
			buildSettings = {
				ALWAYS_EMBED_SWIFT_STANDARD_LIBRARIES = YES;
				CODE_SIGN_STYLE = Automatic;
				CURRENT_PROJECT_VERSION = 1;
				DEVELOPMENT_TEAM = N73XW3H4MX;
				GENERATE_INFOPLIST_FILE = YES;
				MARKETING_VERSION = 1.0;
				PRODUCT_BUNDLE_IDENTIFIER = "StudyGroupweek.project-challenge-4UITests";
				PRODUCT_NAME = "$(TARGET_NAME)";
				SWIFT_EMIT_LOC_STRINGS = NO;
				SWIFT_VERSION = 5.0;
				TARGETED_DEVICE_FAMILY = "1,2";
				TEST_TARGET_NAME = "project challenge 4";
			};
			name = Release;
		};
/* End XCBuildConfiguration section */

/* Begin XCConfigurationList section */
		371E7DF2296CDA5800AA3010 /* Build configuration list for PBXProject "project challenge 4" */ = {
			isa = XCConfigurationList;
			buildConfigurations = (
				371E7E1F296CDA5900AA3010 /* Debug */,
				371E7E20296CDA5900AA3010 /* Release */,
			);
			defaultConfigurationIsVisible = 0;
			defaultConfigurationName = Release;
		};
		371E7E21296CDA5900AA3010 /* Build configuration list for PBXNativeTarget "project challenge 4" */ = {
			isa = XCConfigurationList;
			buildConfigurations = (
				371E7E22296CDA5900AA3010 /* Debug */,
				371E7E23296CDA5900AA3010 /* Release */,
			);
			defaultConfigurationIsVisible = 0;
			defaultConfigurationName = Release;
		};
		371E7E24296CDA5900AA3010 /* Build configuration list for PBXNativeTarget "project challenge 4Tests" */ = {
			isa = XCConfigurationList;
			buildConfigurations = (
				371E7E25296CDA5900AA3010 /* Debug */,
				371E7E26296CDA5900AA3010 /* Release */,
			);
			defaultConfigurationIsVisible = 0;
			defaultConfigurationName = Release;
		};
		371E7E27296CDA5900AA3010 /* Build configuration list for PBXNativeTarget "project challenge 4UITests" */ = {
			isa = XCConfigurationList;
			buildConfigurations = (
				371E7E28296CDA5900AA3010 /* Debug */,
				371E7E29296CDA5900AA3010 /* Release */,
			);
			defaultConfigurationIsVisible = 0;
			defaultConfigurationName = Release;
		};
/* End XCConfigurationList section */

/* Begin XCVersionGroup section */
		371E7E05296CDA5900AA3010 /* project_challenge_4.xcdatamodeld */ = {
			isa = XCVersionGroup;
			children = (
				371E7E06296CDA5900AA3010 /* project_challenge_4.xcdatamodel */,
			);
			currentVersion = 371E7E06296CDA5900AA3010 /* project_challenge_4.xcdatamodel */;
			path = project_challenge_4.xcdatamodeld;
			sourceTree = "<group>";
			versionGroupType = wrapper.xcdatamodel;
		};
/* End XCVersionGroup section */
	};
	rootObject = 371E7DEF296CDA5800AA3010 /* Project object */;
}
